{
  "name": "sensitive-guard",
  "version": "1.0.0",
  "lockfileVersion": 3,
  "requires": true,
  "packages": {
    "": {
      "name": "sensitive-guard0c",
      "version": "1.0.0",
      "license": "MIT",
      "bin": {
        "sensitive-guard": "bin/cli.js"
      },
      "engines": {
        "node": ">=14"
      }
    }
  }
}
